
Microsoft Visual Studio Solution File, Format Version 12.00
# Visual Studio Version 16
VisualStudioVersion = 16.0.29025.244
MinimumVisualStudioVersion = 10.0.40219.1
Project("{FAE04EC0-301F-11D3-BF4B-00C04F79EFBC}") = "laba2Test", "laba2Test\laba2Test.csproj", "{C83D8673-D689-4A75-BF17-F66163DB0AFB}"
EndProject
Global
	GlobalSection(SolutionConfigurationPlatforms) = preSolution
		Debug|Any CPU = Debug|Any CPU
		Release|Any CPU = Release|Any CPU
	EndGlobalSection
	GlobalSection(ProjectConfigurationPlatforms) = postSolution
		{C83D8673-D689-4A75-BF17-F66163DB0AFB}.Debug|Any CPU.ActiveCfg = Debug|Any CPU
		{C83D8673-D689-4A75-BF17-F66163DB0AFB}.Debug|Any CPU.Build.0 = Debug|Any CPU
		{C83D8673-D689-4A75-BF17-F66163DB0AFB}.Release|Any CPU.ActiveCfg = Release|Any CPU
		{C83D8673-D689-4A75-BF17-F66163DB0AFB}.Release|Any CPU.Build.0 = Release|Any CPU
	EndGlobalSection
	GlobalSection(SolutionProperties) = preSolution
		HideSolutionNode = FALSE
	EndGlobalSection
	GlobalSection(ExtensibilityGlobals) = postSolution
		SolutionGuid = {4B5E091F-3DB0-4403-A782-D8A6368C8E7A}
	EndGlobalSection
EndGlobal
